
Microsoft Visual Studio Solution File, Format Version 12.00
# Visual Studio 16
Project("{FAE04EC0-301F-11D3-BF4B-00C04F79EFBC}") = "Assembly-CSharp", "Assembly-CSharp.csproj", "{4B852112-CB71-A84F-4F4A-7F1425015703}"
EndProject
Project("{FAE04EC0-301F-11D3-BF4B-00C04F79EFBC}") = "Assembly-CSharp-firstpass", "Assembly-CSharp-firstpass.csproj", "{752F1EDE-A6FD-6331-513A-FCC0493A038C}"
EndProject
Project("{FAE04EC0-301F-11D3-BF4B-00C04F79EFBC}") = "Assembly-CSharp-Editor-firstpass", "Assembly-CSharp-Editor-firstpass.csproj", "{0BFCAABA-46B5-B59C-71AC-145D8318DBE0}"
EndProject
Global
	GlobalSection(SolutionConfigurationPlatforms) = preSolution
		Debug|Any CPU = Debug|Any CPU
		Release|Any CPU = Release|Any CPU
	EndGlobalSection
	GlobalSection(ProjectConfigurationPlatforms) = postSolution
		{4B852112-CB71-A84F-4F4A-7F1425015703}.Debug|Any CPU.ActiveCfg = Debug|Any CPU
		{4B852112-CB71-A84F-4F4A-7F1425015703}.Debug|Any CPU.Build.0 = Debug|Any CPU
		{4B852112-CB71-A84F-4F4A-7F1425015703}.Release|Any CPU.ActiveCfg = Release|Any CPU
		{4B852112-CB71-A84F-4F4A-7F1425015703}.Release|Any CPU.Build.0 = Release|Any CPU
		{752F1EDE-A6FD-6331-513A-FCC0493A038C}.Debug|Any CPU.ActiveCfg = Debug|Any CPU
		{752F1EDE-A6FD-6331-513A-FCC0493A038C}.Debug|Any CPU.Build.0 = Debug|Any CPU
		{752F1EDE-A6FD-6331-513A-FCC0493A038C}.Release|Any CPU.ActiveCfg = Release|Any CPU
		{752F1EDE-A6FD-6331-513A-FCC0493A038C}.Release|Any CPU.Build.0 = Release|Any CPU
		{0BFCAABA-46B5-B59C-71AC-145D8318DBE0}.Debug|Any CPU.ActiveCfg = Debug|Any CPU
		{0BFCAABA-46B5-B59C-71AC-145D8318DBE0}.Debug|Any CPU.Build.0 = Debug|Any CPU
		{0BFCAABA-46B5-B59C-71AC-145D8318DBE0}.Release|Any CPU.ActiveCfg = Release|Any CPU
		{0BFCAABA-46B5-B59C-71AC-145D8318DBE0}.Release|Any CPU.Build.0 = Release|Any CPU
	EndGlobalSection
	GlobalSection(SolutionProperties) = preSolution
		HideSolutionNode = FALSE
	EndGlobalSection
EndGlobal
